
Microsoft Visual Studio Solution File, Format Version 12.00
# Visual Studio Version 17
VisualStudioVersion = 17.8.34408.163
MinimumVisualStudioVersion = 10.0.40219.1
Project("{FAE04EC0-301F-11D3-BF4B-00C04F79EFBC}") = "Zodiac", "Zodiac\Zodiac.csproj", "{AC6EAA10-E784-4C5C-AB29-D4DAAED24439}"
EndProject
Project("{FAE04EC0-301F-11D3-BF4B-00C04F79EFBC}") = "Services", "Services\Services.csproj", "{1DB89FB0-4A48-49B4-AE96-50BE32F36263}"
EndProject
Global
	GlobalSection(SolutionConfigurationPlatforms) = preSolution
		Debug|Any CPU = Debug|Any CPU
		Release|Any CPU = Release|Any CPU
	EndGlobalSection
	GlobalSection(ProjectConfigurationPlatforms) = postSolution
		{AC6EAA10-E784-4C5C-AB29-D4DAAED24439}.Debug|Any CPU.ActiveCfg = Debug|Any CPU
		{AC6EAA10-E784-4C5C-AB29-D4DAAED24439}.Debug|Any CPU.Build.0 = Debug|Any CPU
		{AC6EAA10-E784-4C5C-AB29-D4DAAED24439}.Release|Any CPU.ActiveCfg = Release|Any CPU
		{AC6EAA10-E784-4C5C-AB29-D4DAAED24439}.Release|Any CPU.Build.0 = Release|Any CPU
		{1DB89FB0-4A48-49B4-AE96-50BE32F36263}.Debug|Any CPU.ActiveCfg = Debug|Any CPU
		{1DB89FB0-4A48-49B4-AE96-50BE32F36263}.Debug|Any CPU.Build.0 = Debug|Any CPU
		{1DB89FB0-4A48-49B4-AE96-50BE32F36263}.Release|Any CPU.ActiveCfg = Release|Any CPU
		{1DB89FB0-4A48-49B4-AE96-50BE32F36263}.Release|Any CPU.Build.0 = Release|Any CPU
	EndGlobalSection
	GlobalSection(SolutionProperties) = preSolution
		HideSolutionNode = FALSE
	EndGlobalSection
	GlobalSection(ExtensibilityGlobals) = postSolution
		SolutionGuid = {5ECC6347-26FE-49BB-B7CA-ADE6EBC35FB9}
	EndGlobalSection
EndGlobal
