
Microsoft Visual Studio Solution File, Format Version 12.00
# Visual Studio Version 17
VisualStudioVersion = 17.8.34408.163
MinimumVisualStudioVersion = 10.0.40219.1
Project("{FAE04EC0-301F-11D3-BF4B-00C04F79EFBC}") = "BookTRY1", "BookTRY1\BookTRY1.csproj", "{A2FDE8EE-2250-4171-8672-530D483BFCCA}"
EndProject
Project("{FAE04EC0-301F-11D3-BF4B-00C04F79EFBC}") = "Repositories", "Repositories\Repositories.csproj", "{C00D26DC-B09F-41BF-AEA8-9A2DAAFB81DC}"
EndProject
Project("{FAE04EC0-301F-11D3-BF4B-00C04F79EFBC}") = "Services", "Services\Services.csproj", "{50DF95E0-0B2B-4A17-8C1C-8357730086C2}"
EndProject
Global
	GlobalSection(SolutionConfigurationPlatforms) = preSolution
		Debug|Any CPU = Debug|Any CPU
		Release|Any CPU = Release|Any CPU
	EndGlobalSection
	GlobalSection(ProjectConfigurationPlatforms) = postSolution
		{A2FDE8EE-2250-4171-8672-530D483BFCCA}.Debug|Any CPU.ActiveCfg = Debug|Any CPU
		{A2FDE8EE-2250-4171-8672-530D483BFCCA}.Debug|Any CPU.Build.0 = Debug|Any CPU
		{A2FDE8EE-2250-4171-8672-530D483BFCCA}.Release|Any CPU.ActiveCfg = Release|Any CPU
		{A2FDE8EE-2250-4171-8672-530D483BFCCA}.Release|Any CPU.Build.0 = Release|Any CPU
		{C00D26DC-B09F-41BF-AEA8-9A2DAAFB81DC}.Debug|Any CPU.ActiveCfg = Debug|Any CPU
		{C00D26DC-B09F-41BF-AEA8-9A2DAAFB81DC}.Debug|Any CPU.Build.0 = Debug|Any CPU
		{C00D26DC-B09F-41BF-AEA8-9A2DAAFB81DC}.Release|Any CPU.ActiveCfg = Release|Any CPU
		{C00D26DC-B09F-41BF-AEA8-9A2DAAFB81DC}.Release|Any CPU.Build.0 = Release|Any CPU
		{50DF95E0-0B2B-4A17-8C1C-8357730086C2}.Debug|Any CPU.ActiveCfg = Debug|Any CPU
		{50DF95E0-0B2B-4A17-8C1C-8357730086C2}.Debug|Any CPU.Build.0 = Debug|Any CPU
		{50DF95E0-0B2B-4A17-8C1C-8357730086C2}.Release|Any CPU.ActiveCfg = Release|Any CPU
		{50DF95E0-0B2B-4A17-8C1C-8357730086C2}.Release|Any CPU.Build.0 = Release|Any CPU
	EndGlobalSection
	GlobalSection(SolutionProperties) = preSolution
		HideSolutionNode = FALSE
	EndGlobalSection
	GlobalSection(ExtensibilityGlobals) = postSolution
		SolutionGuid = {89A99324-F264-428A-9B84-5E1270692F08}
	EndGlobalSection
EndGlobal
